
Microsoft Visual Studio Solution File, Format Version 12.00
# Visual Studio Version 16
VisualStudioVersion = 16.0.31729.503
MinimumVisualStudioVersion = 10.0.40219.1
Project("{9A19103F-16F7-4668-BE54-9A1E7A4F7556}") = "Đồ án I", "Đồ án I\Đồ án I.csproj", "{67CB3AA0-09F5-4470-B70B-58759135B4FE}"
EndProject
Global
	GlobalSection(SolutionConfigurationPlatforms) = preSolution
		Debug|Any CPU = Debug|Any CPU
		Release|Any CPU = Release|Any CPU
	EndGlobalSection
	GlobalSection(ProjectConfigurationPlatforms) = postSolution
		{67CB3AA0-09F5-4470-B70B-58759135B4FE}.Debug|Any CPU.ActiveCfg = Debug|Any CPU
		{67CB3AA0-09F5-4470-B70B-58759135B4FE}.Debug|Any CPU.Build.0 = Debug|Any CPU
		{67CB3AA0-09F5-4470-B70B-58759135B4FE}.Release|Any CPU.ActiveCfg = Release|Any CPU
		{67CB3AA0-09F5-4470-B70B-58759135B4FE}.Release|Any CPU.Build.0 = Release|Any CPU
	EndGlobalSection
	GlobalSection(SolutionProperties) = preSolution
		HideSolutionNode = FALSE
	EndGlobalSection
	GlobalSection(ExtensibilityGlobals) = postSolution
		SolutionGuid = {E6415E6E-AC78-4DFE-A6BF-B516F396C2FE}
	EndGlobalSection
EndGlobal
